
Microsoft Visual Studio Solution File, Format Version 12.00
Project("{FAE04EC0-301F-11D3-BF4B-00C04F79EFBC}") = "ToDo_List", "ToDo_List\ToDo_List.csproj", "{A82A76E3-7E1D-4425-A916-863A5D92E99A}"
EndProject
Project("{FAE04EC0-301F-11D3-BF4B-00C04F79EFBC}") = "Test_Add_New_Project", "Test_Add_New_Project\Test_Add_New_Project.csproj", "{CA3B64E7-B686-4C54-A528-2B64557923F6}"
EndProject
Project("{FAE04EC0-301F-11D3-BF4B-00C04F79EFBC}") = "Simple_Calculator", "Simple_Calculator\Simple_Calculator.csproj", "{5C12E90E-C6EF-4B44-A945-DEE380DC2911}"
EndProject
Project("{2150E333-8FDC-42A3-9474-1A3956D46DE8}") = "Quiz", "Quiz", "{3130C94E-D66E-426E-9B77-958028097739}"
EndProject
Project("{FAE04EC0-301F-11D3-BF4B-00C04F79EFBC}") = "String.FormatDate.Interpolation", "String.FormatDate.Interpolation\String.FormatDate.Interpolation.csproj", "{244FA647-DC66-4A02-9D52-83703E9AEB19}"
EndProject
Project("{FAE04EC0-301F-11D3-BF4B-00C04F79EFBC}") = "Switch.Case.DescribeDay", "Switch.Case.DescribeDay\Switch.Case.DescribeDay.csproj", "{32971AED-8518-48A0-915C-BF2BD43AB3AB}"
EndProject
Project("{FAE04EC0-301F-11D3-BF4B-00C04F79EFBC}") = "Sum.Of.Number", "Sum.Of.Number\Sum.Of.Number.csproj", "{A44F0501-B2B6-4661-9D9A-160427F63289}"
EndProject
Project("{FAE04EC0-301F-11D3-BF4B-00C04F79EFBC}") = "Repeat.Character", "Repeat.Character\Repeat.Character.csproj", "{ED9D25AB-B21C-46F7-AA01-5FDA76583050}"
EndProject
Project("{FAE04EC0-301F-11D3-BF4B-00C04F79EFBC}") = "Factorial", "Factorial\Factorial.csproj", "{1D3819FD-A4D1-4F52-8A76-901FD6DE48B4}"
EndProject
Project("{FAE04EC0-301F-11D3-BF4B-00C04F79EFBC}") = "Print.Array", "Print.Array\Print.Array.csproj", "{76D67AA9-3A95-4485-AEEA-1A0B5E383410}"
EndProject
Project("{2150E333-8FDC-42A3-9474-1A3956D46DE8}") = "Array", "Array", "{1118D63B-3AF3-4B40-AD87-B3E4D1FED73F}"
EndProject
Project("{FAE04EC0-301F-11D3-BF4B-00C04F79EFBC}") = "Two.Dimentional.Array", "Two.Dimentional.Array\Two.Dimentional.Array.csproj", "{35F2C774-38AF-4EA4-8590-95A153C77617}"
EndProject
Project("{FAE04EC0-301F-11D3-BF4B-00C04F79EFBC}") = "Array", "Array\Array.csproj", "{483C01D2-1F50-452E-89E7-7B5CA7126061}"
EndProject
Project("{FAE04EC0-301F-11D3-BF4B-00C04F79EFBC}") = "Looping.IsAnyWordLongerThan", "Looping.IsAnyWordLongerThan\Looping.IsAnyWordLongerThan.csproj", "{5B238BA5-2470-47A1-95DF-4F3550497528}"
EndProject
Project("{2150E333-8FDC-42A3-9474-1A3956D46DE8}") = "List", "List", "{FCA2F78F-57FC-4C38-A4C0-8C8F5C055046}"
EndProject
Project("{FAE04EC0-301F-11D3-BF4B-00C04F79EFBC}") = "List.CheckUpperCase", "List.CheckUpperCase\List.CheckUpperCase.csproj", "{4D1EC4FF-8AB7-4C41-8A4B-35B442C3805A}"
EndProject
Global
	GlobalSection(SolutionConfigurationPlatforms) = preSolution
		Debug|Any CPU = Debug|Any CPU
		Release|Any CPU = Release|Any CPU
	EndGlobalSection
	GlobalSection(ProjectConfigurationPlatforms) = postSolution
		{A82A76E3-7E1D-4425-A916-863A5D92E99A}.Debug|Any CPU.ActiveCfg = Debug|Any CPU
		{A82A76E3-7E1D-4425-A916-863A5D92E99A}.Debug|Any CPU.Build.0 = Debug|Any CPU
		{A82A76E3-7E1D-4425-A916-863A5D92E99A}.Release|Any CPU.ActiveCfg = Release|Any CPU
		{A82A76E3-7E1D-4425-A916-863A5D92E99A}.Release|Any CPU.Build.0 = Release|Any CPU
		{CA3B64E7-B686-4C54-A528-2B64557923F6}.Debug|Any CPU.ActiveCfg = Debug|Any CPU
		{CA3B64E7-B686-4C54-A528-2B64557923F6}.Debug|Any CPU.Build.0 = Debug|Any CPU
		{CA3B64E7-B686-4C54-A528-2B64557923F6}.Release|Any CPU.ActiveCfg = Release|Any CPU
		{CA3B64E7-B686-4C54-A528-2B64557923F6}.Release|Any CPU.Build.0 = Release|Any CPU
		{5C12E90E-C6EF-4B44-A945-DEE380DC2911}.Debug|Any CPU.ActiveCfg = Debug|Any CPU
		{5C12E90E-C6EF-4B44-A945-DEE380DC2911}.Debug|Any CPU.Build.0 = Debug|Any CPU
		{5C12E90E-C6EF-4B44-A945-DEE380DC2911}.Release|Any CPU.ActiveCfg = Release|Any CPU
		{5C12E90E-C6EF-4B44-A945-DEE380DC2911}.Release|Any CPU.Build.0 = Release|Any CPU
		{244FA647-DC66-4A02-9D52-83703E9AEB19}.Debug|Any CPU.ActiveCfg = Debug|Any CPU
		{244FA647-DC66-4A02-9D52-83703E9AEB19}.Debug|Any CPU.Build.0 = Debug|Any CPU
		{244FA647-DC66-4A02-9D52-83703E9AEB19}.Release|Any CPU.ActiveCfg = Release|Any CPU
		{244FA647-DC66-4A02-9D52-83703E9AEB19}.Release|Any CPU.Build.0 = Release|Any CPU
		{32971AED-8518-48A0-915C-BF2BD43AB3AB}.Debug|Any CPU.ActiveCfg = Debug|Any CPU
		{32971AED-8518-48A0-915C-BF2BD43AB3AB}.Debug|Any CPU.Build.0 = Debug|Any CPU
		{32971AED-8518-48A0-915C-BF2BD43AB3AB}.Release|Any CPU.ActiveCfg = Release|Any CPU
		{32971AED-8518-48A0-915C-BF2BD43AB3AB}.Release|Any CPU.Build.0 = Release|Any CPU
		{A44F0501-B2B6-4661-9D9A-160427F63289}.Debug|Any CPU.ActiveCfg = Debug|Any CPU
		{A44F0501-B2B6-4661-9D9A-160427F63289}.Debug|Any CPU.Build.0 = Debug|Any CPU
		{A44F0501-B2B6-4661-9D9A-160427F63289}.Release|Any CPU.ActiveCfg = Release|Any CPU
		{A44F0501-B2B6-4661-9D9A-160427F63289}.Release|Any CPU.Build.0 = Release|Any CPU
		{ED9D25AB-B21C-46F7-AA01-5FDA76583050}.Debug|Any CPU.ActiveCfg = Debug|Any CPU
		{ED9D25AB-B21C-46F7-AA01-5FDA76583050}.Debug|Any CPU.Build.0 = Debug|Any CPU
		{ED9D25AB-B21C-46F7-AA01-5FDA76583050}.Release|Any CPU.ActiveCfg = Release|Any CPU
		{ED9D25AB-B21C-46F7-AA01-5FDA76583050}.Release|Any CPU.Build.0 = Release|Any CPU
		{1D3819FD-A4D1-4F52-8A76-901FD6DE48B4}.Debug|Any CPU.ActiveCfg = Debug|Any CPU
		{1D3819FD-A4D1-4F52-8A76-901FD6DE48B4}.Debug|Any CPU.Build.0 = Debug|Any CPU
		{1D3819FD-A4D1-4F52-8A76-901FD6DE48B4}.Release|Any CPU.ActiveCfg = Release|Any CPU
		{1D3819FD-A4D1-4F52-8A76-901FD6DE48B4}.Release|Any CPU.Build.0 = Release|Any CPU
		{76D67AA9-3A95-4485-AEEA-1A0B5E383410}.Debug|Any CPU.ActiveCfg = Debug|Any CPU
		{76D67AA9-3A95-4485-AEEA-1A0B5E383410}.Debug|Any CPU.Build.0 = Debug|Any CPU
		{76D67AA9-3A95-4485-AEEA-1A0B5E383410}.Release|Any CPU.ActiveCfg = Release|Any CPU
		{76D67AA9-3A95-4485-AEEA-1A0B5E383410}.Release|Any CPU.Build.0 = Release|Any CPU
		{35F2C774-38AF-4EA4-8590-95A153C77617}.Debug|Any CPU.ActiveCfg = Debug|Any CPU
		{35F2C774-38AF-4EA4-8590-95A153C77617}.Debug|Any CPU.Build.0 = Debug|Any CPU
		{35F2C774-38AF-4EA4-8590-95A153C77617}.Release|Any CPU.ActiveCfg = Release|Any CPU
		{35F2C774-38AF-4EA4-8590-95A153C77617}.Release|Any CPU.Build.0 = Release|Any CPU
		{483C01D2-1F50-452E-89E7-7B5CA7126061}.Debug|Any CPU.ActiveCfg = Debug|Any CPU
		{483C01D2-1F50-452E-89E7-7B5CA7126061}.Debug|Any CPU.Build.0 = Debug|Any CPU
		{483C01D2-1F50-452E-89E7-7B5CA7126061}.Release|Any CPU.ActiveCfg = Release|Any CPU
		{483C01D2-1F50-452E-89E7-7B5CA7126061}.Release|Any CPU.Build.0 = Release|Any CPU
		{5B238BA5-2470-47A1-95DF-4F3550497528}.Debug|Any CPU.ActiveCfg = Debug|Any CPU
		{5B238BA5-2470-47A1-95DF-4F3550497528}.Debug|Any CPU.Build.0 = Debug|Any CPU
		{5B238BA5-2470-47A1-95DF-4F3550497528}.Release|Any CPU.ActiveCfg = Release|Any CPU
		{5B238BA5-2470-47A1-95DF-4F3550497528}.Release|Any CPU.Build.0 = Release|Any CPU
		{4D1EC4FF-8AB7-4C41-8A4B-35B442C3805A}.Debug|Any CPU.ActiveCfg = Debug|Any CPU
		{4D1EC4FF-8AB7-4C41-8A4B-35B442C3805A}.Debug|Any CPU.Build.0 = Debug|Any CPU
		{4D1EC4FF-8AB7-4C41-8A4B-35B442C3805A}.Release|Any CPU.ActiveCfg = Release|Any CPU
		{4D1EC4FF-8AB7-4C41-8A4B-35B442C3805A}.Release|Any CPU.Build.0 = Release|Any CPU
	EndGlobalSection
	GlobalSection(NestedProjects) = preSolution
		{244FA647-DC66-4A02-9D52-83703E9AEB19} = {3130C94E-D66E-426E-9B77-958028097739}
		{32971AED-8518-48A0-915C-BF2BD43AB3AB} = {3130C94E-D66E-426E-9B77-958028097739}
		{A44F0501-B2B6-4661-9D9A-160427F63289} = {3130C94E-D66E-426E-9B77-958028097739}
		{ED9D25AB-B21C-46F7-AA01-5FDA76583050} = {3130C94E-D66E-426E-9B77-958028097739}
		{1D3819FD-A4D1-4F52-8A76-901FD6DE48B4} = {3130C94E-D66E-426E-9B77-958028097739}
		{76D67AA9-3A95-4485-AEEA-1A0B5E383410} = {3130C94E-D66E-426E-9B77-958028097739}
		{35F2C774-38AF-4EA4-8590-95A153C77617} = {1118D63B-3AF3-4B40-AD87-B3E4D1FED73F}
		{483C01D2-1F50-452E-89E7-7B5CA7126061} = {3130C94E-D66E-426E-9B77-958028097739}
		{5B238BA5-2470-47A1-95DF-4F3550497528} = {3130C94E-D66E-426E-9B77-958028097739}
		{4D1EC4FF-8AB7-4C41-8A4B-35B442C3805A} = {FCA2F78F-57FC-4C38-A4C0-8C8F5C055046}
	EndGlobalSection
EndGlobal
